
Microsoft Visual Studio Solution File, Format Version 12.00
# Visual Studio Version 17
VisualStudioVersion = 17.5.33530.505
MinimumVisualStudioVersion = 10.0.40219.1
Project("{FAE04EC0-301F-11D3-BF4B-00C04F79EFBC}") = "forms-teste", "forms-teste\forms-teste.csproj", "{4D62A93B-4DB5-40EC-ADBA-CA2C40FC7846}"
EndProject
Global
	GlobalSection(SolutionConfigurationPlatforms) = preSolution
		Debug|Any CPU = Debug|Any CPU
		Release|Any CPU = Release|Any CPU
	EndGlobalSection
	GlobalSection(ProjectConfigurationPlatforms) = postSolution
		{4D62A93B-4DB5-40EC-ADBA-CA2C40FC7846}.Debug|Any CPU.ActiveCfg = Debug|Any CPU
		{4D62A93B-4DB5-40EC-ADBA-CA2C40FC7846}.Debug|Any CPU.Build.0 = Debug|Any CPU
		{4D62A93B-4DB5-40EC-ADBA-CA2C40FC7846}.Release|Any CPU.ActiveCfg = Release|Any CPU
		{4D62A93B-4DB5-40EC-ADBA-CA2C40FC7846}.Release|Any CPU.Build.0 = Release|Any CPU
	EndGlobalSection
	GlobalSection(SolutionProperties) = preSolution
		HideSolutionNode = FALSE
	EndGlobalSection
	GlobalSection(ExtensibilityGlobals) = postSolution
		SolutionGuid = {BAD3F5B2-3CB2-458E-BED5-0AF13AFE19CD}
	EndGlobalSection
EndGlobal
